
Microsoft Visual Studio Solution File, Format Version 12.00
Project("{FAE04EC0-301F-11D3-BF4B-00C04F79EFBC}") = "uc", "uc\uc.csproj", "{EBCBEEA1-FC46-4424-9930-E355E9342567}"
EndProject
Global
	GlobalSection(SolutionConfigurationPlatforms) = preSolution
		Debug|Any CPU = Debug|Any CPU
		Release|Any CPU = Release|Any CPU
	EndGlobalSection
	GlobalSection(ProjectConfigurationPlatforms) = postSolution
		{EBCBEEA1-FC46-4424-9930-E355E9342567}.Debug|Any CPU.ActiveCfg = Debug|Any CPU
		{EBCBEEA1-FC46-4424-9930-E355E9342567}.Debug|Any CPU.Build.0 = Debug|Any CPU
		{EBCBEEA1-FC46-4424-9930-E355E9342567}.Release|Any CPU.ActiveCfg = Release|Any CPU
		{EBCBEEA1-FC46-4424-9930-E355E9342567}.Release|Any CPU.Build.0 = Release|Any CPU
	EndGlobalSection
EndGlobal
